
Microsoft Visual Studio Solution File, Format Version 12.00
# Visual Studio 14
VisualStudioVersion = 14.0.25420.1
MinimumVisualStudioVersion = 10.0.40219.1
Project("{FAE04EC0-301F-11D3-BF4B-00C04F79EFBC}") = "Workstation.UaClient.UnitTests", "UaClient.UnitTests\Workstation.UaClient.UnitTests.csproj", "{8994DA00-5CE1-461F-963C-43F7CFC6864E}"
EndProject
Project("{2150E333-8FDC-42A3-9474-1A3956D46DE8}") = "Solution Items", "Solution Items", "{A8EFACC3-6790-4CB0-8067-BE7574C94F09}"
	ProjectSection(SolutionItems) = preProject
		LICENSE.txt = LICENSE.txt
		nuget.exe = nuget.exe
		pack.cmd = pack.cmd
		README.md = README.md
		robot6.jpg = robot6.jpg
		Workstation.UaClient.nuspec = Workstation.UaClient.nuspec
	EndProjectSection
EndProject
Project("{FAE04EC0-301F-11D3-BF4B-00C04F79EFBC}") = "Workstation.UaClient.Net45", "UaClient.Net45\Workstation.UaClient.Net45.csproj", "{B3368B10-E55A-4776-BA72-9B783D11178F}"
EndProject
Project("{FAE04EC0-301F-11D3-BF4B-00C04F79EFBC}") = "Workstation.UaClient.NetStandard", "UaClient.NetStandard\Workstation.UaClient.NetStandard.csproj", "{BF457124-B973-4D4A-950B-6BAD83BCBF80}"
EndProject
Project("{D954291E-2A0B-460D-934E-DC6B0785DB48}") = "Workstation.UaClient", "UaClient\Workstation.UaClient.shproj", "{93848714-5407-42EC-A8A0-E8825DB4C3D1}"
EndProject
Global
	GlobalSection(SharedMSBuildProjectFiles) = preSolution
		UaClient\UaClient.projitems*{93848714-5407-42ec-a8a0-e8825db4c3d1}*SharedItemsImports = 13
		UaClient\UaClient.projitems*{b3368b10-e55a-4776-ba72-9b783d11178f}*SharedItemsImports = 4
		UaClient\UaClient.projitems*{bf457124-b973-4d4a-950b-6bad83bcbf80}*SharedItemsImports = 4
	EndGlobalSection
	GlobalSection(SolutionConfigurationPlatforms) = preSolution
		Debug|Any CPU = Debug|Any CPU
		Debug|ARM = Debug|ARM
		Debug|x64 = Debug|x64
		Debug|x86 = Debug|x86
		Release|Any CPU = Release|Any CPU
		Release|ARM = Release|ARM
		Release|x64 = Release|x64
		Release|x86 = Release|x86
	EndGlobalSection
	GlobalSection(ProjectConfigurationPlatforms) = postSolution
		{8994DA00-5CE1-461F-963C-43F7CFC6864E}.Debug|Any CPU.ActiveCfg = Debug|Any CPU
		{8994DA00-5CE1-461F-963C-43F7CFC6864E}.Debug|Any CPU.Build.0 = Debug|Any CPU
		{8994DA00-5CE1-461F-963C-43F7CFC6864E}.Debug|ARM.ActiveCfg = Debug|Any CPU
		{8994DA00-5CE1-461F-963C-43F7CFC6864E}.Debug|ARM.Build.0 = Debug|Any CPU
		{8994DA00-5CE1-461F-963C-43F7CFC6864E}.Debug|x64.ActiveCfg = Debug|x64
		{8994DA00-5CE1-461F-963C-43F7CFC6864E}.Debug|x64.Build.0 = Debug|x64
		{8994DA00-5CE1-461F-963C-43F7CFC6864E}.Debug|x86.ActiveCfg = Debug|x86
		{8994DA00-5CE1-461F-963C-43F7CFC6864E}.Debug|x86.Build.0 = Debug|x86
		{8994DA00-5CE1-461F-963C-43F7CFC6864E}.Release|Any CPU.ActiveCfg = Release|Any CPU
		{8994DA00-5CE1-461F-963C-43F7CFC6864E}.Release|Any CPU.Build.0 = Release|Any CPU
		{8994DA00-5CE1-461F-963C-43F7CFC6864E}.Release|ARM.ActiveCfg = Release|Any CPU
		{8994DA00-5CE1-461F-963C-43F7CFC6864E}.Release|ARM.Build.0 = Release|Any CPU
		{8994DA00-5CE1-461F-963C-43F7CFC6864E}.Release|x64.ActiveCfg = Release|x64
		{8994DA00-5CE1-461F-963C-43F7CFC6864E}.Release|x64.Build.0 = Release|x64
		{8994DA00-5CE1-461F-963C-43F7CFC6864E}.Release|x86.ActiveCfg = Release|x86
		{8994DA00-5CE1-461F-963C-43F7CFC6864E}.Release|x86.Build.0 = Release|x86
		{B3368B10-E55A-4776-BA72-9B783D11178F}.Debug|Any CPU.ActiveCfg = Debug|Any CPU
		{B3368B10-E55A-4776-BA72-9B783D11178F}.Debug|Any CPU.Build.0 = Debug|Any CPU
		{B3368B10-E55A-4776-BA72-9B783D11178F}.Debug|ARM.ActiveCfg = Debug|Any CPU
		{B3368B10-E55A-4776-BA72-9B783D11178F}.Debug|ARM.Build.0 = Debug|Any CPU
		{B3368B10-E55A-4776-BA72-9B783D11178F}.Debug|x64.ActiveCfg = Debug|Any CPU
		{B3368B10-E55A-4776-BA72-9B783D11178F}.Debug|x64.Build.0 = Debug|Any CPU
		{B3368B10-E55A-4776-BA72-9B783D11178F}.Debug|x86.ActiveCfg = Debug|Any CPU
		{B3368B10-E55A-4776-BA72-9B783D11178F}.Debug|x86.Build.0 = Debug|Any CPU
		{B3368B10-E55A-4776-BA72-9B783D11178F}.Release|Any CPU.ActiveCfg = Release|Any CPU
		{B3368B10-E55A-4776-BA72-9B783D11178F}.Release|Any CPU.Build.0 = Release|Any CPU
		{B3368B10-E55A-4776-BA72-9B783D11178F}.Release|ARM.ActiveCfg = Release|Any CPU
		{B3368B10-E55A-4776-BA72-9B783D11178F}.Release|ARM.Build.0 = Release|Any CPU
		{B3368B10-E55A-4776-BA72-9B783D11178F}.Release|x64.ActiveCfg = Release|Any CPU
		{B3368B10-E55A-4776-BA72-9B783D11178F}.Release|x64.Build.0 = Release|Any CPU
		{B3368B10-E55A-4776-BA72-9B783D11178F}.Release|x86.ActiveCfg = Release|Any CPU
		{B3368B10-E55A-4776-BA72-9B783D11178F}.Release|x86.Build.0 = Release|Any CPU
		{BF457124-B973-4D4A-950B-6BAD83BCBF80}.Debug|Any CPU.ActiveCfg = Debug|Any CPU
		{BF457124-B973-4D4A-950B-6BAD83BCBF80}.Debug|Any CPU.Build.0 = Debug|Any CPU
		{BF457124-B973-4D4A-950B-6BAD83BCBF80}.Debug|ARM.ActiveCfg = Debug|Any CPU
		{BF457124-B973-4D4A-950B-6BAD83BCBF80}.Debug|ARM.Build.0 = Debug|Any CPU
		{BF457124-B973-4D4A-950B-6BAD83BCBF80}.Debug|x64.ActiveCfg = Debug|Any CPU
		{BF457124-B973-4D4A-950B-6BAD83BCBF80}.Debug|x64.Build.0 = Debug|Any CPU
		{BF457124-B973-4D4A-950B-6BAD83BCBF80}.Debug|x86.ActiveCfg = Debug|Any CPU
		{BF457124-B973-4D4A-950B-6BAD83BCBF80}.Debug|x86.Build.0 = Debug|Any CPU
		{BF457124-B973-4D4A-950B-6BAD83BCBF80}.Release|Any CPU.ActiveCfg = Release|Any CPU
		{BF457124-B973-4D4A-950B-6BAD83BCBF80}.Release|Any CPU.Build.0 = Release|Any CPU
		{BF457124-B973-4D4A-950B-6BAD83BCBF80}.Release|ARM.ActiveCfg = Release|Any CPU
		{BF457124-B973-4D4A-950B-6BAD83BCBF80}.Release|ARM.Build.0 = Release|Any CPU
		{BF457124-B973-4D4A-950B-6BAD83BCBF80}.Release|x64.ActiveCfg = Release|Any CPU
		{BF457124-B973-4D4A-950B-6BAD83BCBF80}.Release|x64.Build.0 = Release|Any CPU
		{BF457124-B973-4D4A-950B-6BAD83BCBF80}.Release|x86.ActiveCfg = Release|Any CPU
		{BF457124-B973-4D4A-950B-6BAD83BCBF80}.Release|x86.Build.0 = Release|Any CPU
	EndGlobalSection
	GlobalSection(SolutionProperties) = preSolution
		HideSolutionNode = FALSE
	EndGlobalSection
EndGlobal
