
Microsoft Visual Studio Solution File, Format Version 12.00
# Visual Studio 15
VisualStudioVersion = 15.0.26014.0
MinimumVisualStudioVersion = 10.0.40219.1
Project("{FAE04EC0-301F-11D3-BF4B-00C04F79EFBC}") = "Workstation.UaClient.UnitTests", "UaClient.UnitTests\Workstation.UaClient.UnitTests.csproj", "{8994DA00-5CE1-461F-963C-43F7CFC6864E}"
EndProject
Project("{2150E333-8FDC-42A3-9474-1A3956D46DE8}") = "Solution Items", "Solution Items", "{A8EFACC3-6790-4CB0-8067-BE7574C94F09}"
	ProjectSection(SolutionItems) = preProject
		LICENSE.txt = LICENSE.txt
		README.md = README.md
		robot6.jpg = robot6.jpg
	EndProjectSection
EndProject
Project("{9A19103F-16F7-4668-BE54-9A1E7A4F7556}") = "Workstation.UaClient", "UaClient\Workstation.UaClient.csproj", "{B3368B10-E55A-4776-BA72-9B783D11178F}"
EndProject
Global
	GlobalSection(SolutionConfigurationPlatforms) = preSolution
		Debug|Any CPU = Debug|Any CPU
		Debug|ARM = Debug|ARM
		Debug|x64 = Debug|x64
		Debug|x86 = Debug|x86
		Release|Any CPU = Release|Any CPU
		Release|ARM = Release|ARM
		Release|x64 = Release|x64
		Release|x86 = Release|x86
	EndGlobalSection
	GlobalSection(ProjectConfigurationPlatforms) = postSolution
		{8994DA00-5CE1-461F-963C-43F7CFC6864E}.Debug|Any CPU.ActiveCfg = Debug|Any CPU
		{8994DA00-5CE1-461F-963C-43F7CFC6864E}.Debug|Any CPU.Build.0 = Debug|Any CPU
		{8994DA00-5CE1-461F-963C-43F7CFC6864E}.Debug|ARM.ActiveCfg = Debug|Any CPU
		{8994DA00-5CE1-461F-963C-43F7CFC6864E}.Debug|ARM.Build.0 = Debug|Any CPU
		{8994DA00-5CE1-461F-963C-43F7CFC6864E}.Debug|x64.ActiveCfg = Debug|x64
		{8994DA00-5CE1-461F-963C-43F7CFC6864E}.Debug|x64.Build.0 = Debug|x64
		{8994DA00-5CE1-461F-963C-43F7CFC6864E}.Debug|x86.ActiveCfg = Debug|x86
		{8994DA00-5CE1-461F-963C-43F7CFC6864E}.Debug|x86.Build.0 = Debug|x86
		{8994DA00-5CE1-461F-963C-43F7CFC6864E}.Release|Any CPU.ActiveCfg = Release|Any CPU
		{8994DA00-5CE1-461F-963C-43F7CFC6864E}.Release|Any CPU.Build.0 = Release|Any CPU
		{8994DA00-5CE1-461F-963C-43F7CFC6864E}.Release|ARM.ActiveCfg = Release|Any CPU
		{8994DA00-5CE1-461F-963C-43F7CFC6864E}.Release|ARM.Build.0 = Release|Any CPU
		{8994DA00-5CE1-461F-963C-43F7CFC6864E}.Release|x64.ActiveCfg = Release|x64
		{8994DA00-5CE1-461F-963C-43F7CFC6864E}.Release|x64.Build.0 = Release|x64
		{8994DA00-5CE1-461F-963C-43F7CFC6864E}.Release|x86.ActiveCfg = Release|x86
		{8994DA00-5CE1-461F-963C-43F7CFC6864E}.Release|x86.Build.0 = Release|x86
		{B3368B10-E55A-4776-BA72-9B783D11178F}.Debug|Any CPU.ActiveCfg = Debug|Any CPU
		{B3368B10-E55A-4776-BA72-9B783D11178F}.Debug|Any CPU.Build.0 = Debug|Any CPU
		{B3368B10-E55A-4776-BA72-9B783D11178F}.Debug|ARM.ActiveCfg = Debug|Any CPU
		{B3368B10-E55A-4776-BA72-9B783D11178F}.Debug|ARM.Build.0 = Debug|Any CPU
		{B3368B10-E55A-4776-BA72-9B783D11178F}.Debug|x64.ActiveCfg = Debug|x64
		{B3368B10-E55A-4776-BA72-9B783D11178F}.Debug|x64.Build.0 = Debug|x64
		{B3368B10-E55A-4776-BA72-9B783D11178F}.Debug|x86.ActiveCfg = Debug|x86
		{B3368B10-E55A-4776-BA72-9B783D11178F}.Debug|x86.Build.0 = Debug|x86
		{B3368B10-E55A-4776-BA72-9B783D11178F}.Release|Any CPU.ActiveCfg = Release|Any CPU
		{B3368B10-E55A-4776-BA72-9B783D11178F}.Release|Any CPU.Build.0 = Release|Any CPU
		{B3368B10-E55A-4776-BA72-9B783D11178F}.Release|ARM.ActiveCfg = Release|Any CPU
		{B3368B10-E55A-4776-BA72-9B783D11178F}.Release|ARM.Build.0 = Release|Any CPU
		{B3368B10-E55A-4776-BA72-9B783D11178F}.Release|x64.ActiveCfg = Release|x64
		{B3368B10-E55A-4776-BA72-9B783D11178F}.Release|x64.Build.0 = Release|x64
		{B3368B10-E55A-4776-BA72-9B783D11178F}.Release|x86.ActiveCfg = Release|x86
		{B3368B10-E55A-4776-BA72-9B783D11178F}.Release|x86.Build.0 = Release|x86
	EndGlobalSection
	GlobalSection(SolutionProperties) = preSolution
		HideSolutionNode = FALSE
	EndGlobalSection
EndGlobal
